
Microsoft Visual Studio Solution File, Format Version 12.00
# Visual Studio 14
VisualStudioVersion = 14.0.25420.1
MinimumVisualStudioVersion = 10.0.40219.1
Project("{FAE04EC0-301F-11D3-BF4B-00C04F79EFBC}") = "FormsMenu", "FormsMenu\FormsMenu\FormsMenu.csproj", "{DB4E01B7-2D02-46F2-A3E2-228F326BA837}"
EndProject
Project("{FAE04EC0-301F-11D3-BF4B-00C04F79EFBC}") = "FormsMenu.Droid", "FormsMenu\FormsMenu.Droid\FormsMenu.Droid.csproj", "{8FDF825E-097C-4045-AD87-AE2BA58E9C1E}"
EndProject
Global
	GlobalSection(SolutionConfigurationPlatforms) = preSolution
		Ad-Hoc|Any CPU = Ad-Hoc|Any CPU
		Ad-Hoc|ARM = Ad-Hoc|ARM
		Ad-Hoc|iPhone = Ad-Hoc|iPhone
		Ad-Hoc|iPhoneSimulator = Ad-Hoc|iPhoneSimulator
		Ad-Hoc|x64 = Ad-Hoc|x64
		Ad-Hoc|x86 = Ad-Hoc|x86
		AppStore|Any CPU = AppStore|Any CPU
		AppStore|ARM = AppStore|ARM
		AppStore|iPhone = AppStore|iPhone
		AppStore|iPhoneSimulator = AppStore|iPhoneSimulator
		AppStore|x64 = AppStore|x64
		AppStore|x86 = AppStore|x86
		Debug|Any CPU = Debug|Any CPU
		Debug|ARM = Debug|ARM
		Debug|iPhone = Debug|iPhone
		Debug|iPhoneSimulator = Debug|iPhoneSimulator
		Debug|x64 = Debug|x64
		Debug|x86 = Debug|x86
		Release|Any CPU = Release|Any CPU
		Release|ARM = Release|ARM
		Release|iPhone = Release|iPhone
		Release|iPhoneSimulator = Release|iPhoneSimulator
		Release|x64 = Release|x64
		Release|x86 = Release|x86
	EndGlobalSection
	GlobalSection(ProjectConfigurationPlatforms) = postSolution
		{DB4E01B7-2D02-46F2-A3E2-228F326BA837}.Ad-Hoc|Any CPU.ActiveCfg = Release|Any CPU
		{DB4E01B7-2D02-46F2-A3E2-228F326BA837}.Ad-Hoc|Any CPU.Build.0 = Release|Any CPU
		{DB4E01B7-2D02-46F2-A3E2-228F326BA837}.Ad-Hoc|ARM.ActiveCfg = Release|Any CPU
		{DB4E01B7-2D02-46F2-A3E2-228F326BA837}.Ad-Hoc|ARM.Build.0 = Release|Any CPU
		{DB4E01B7-2D02-46F2-A3E2-228F326BA837}.Ad-Hoc|iPhone.ActiveCfg = Release|Any CPU
		{DB4E01B7-2D02-46F2-A3E2-228F326BA837}.Ad-Hoc|iPhone.Build.0 = Release|Any CPU
		{DB4E01B7-2D02-46F2-A3E2-228F326BA837}.Ad-Hoc|iPhoneSimulator.ActiveCfg = Release|Any CPU
		{DB4E01B7-2D02-46F2-A3E2-228F326BA837}.Ad-Hoc|iPhoneSimulator.Build.0 = Release|Any CPU
		{DB4E01B7-2D02-46F2-A3E2-228F326BA837}.Ad-Hoc|x64.ActiveCfg = Release|Any CPU
		{DB4E01B7-2D02-46F2-A3E2-228F326BA837}.Ad-Hoc|x64.Build.0 = Release|Any CPU
		{DB4E01B7-2D02-46F2-A3E2-228F326BA837}.Ad-Hoc|x86.ActiveCfg = Release|Any CPU
		{DB4E01B7-2D02-46F2-A3E2-228F326BA837}.Ad-Hoc|x86.Build.0 = Release|Any CPU
		{DB4E01B7-2D02-46F2-A3E2-228F326BA837}.AppStore|Any CPU.ActiveCfg = Release|Any CPU
		{DB4E01B7-2D02-46F2-A3E2-228F326BA837}.AppStore|Any CPU.Build.0 = Release|Any CPU
		{DB4E01B7-2D02-46F2-A3E2-228F326BA837}.AppStore|ARM.ActiveCfg = Release|Any CPU
		{DB4E01B7-2D02-46F2-A3E2-228F326BA837}.AppStore|ARM.Build.0 = Release|Any CPU
		{DB4E01B7-2D02-46F2-A3E2-228F326BA837}.AppStore|iPhone.ActiveCfg = Release|Any CPU
		{DB4E01B7-2D02-46F2-A3E2-228F326BA837}.AppStore|iPhone.Build.0 = Release|Any CPU
		{DB4E01B7-2D02-46F2-A3E2-228F326BA837}.AppStore|iPhoneSimulator.ActiveCfg = Release|Any CPU
		{DB4E01B7-2D02-46F2-A3E2-228F326BA837}.AppStore|iPhoneSimulator.Build.0 = Release|Any CPU
		{DB4E01B7-2D02-46F2-A3E2-228F326BA837}.AppStore|x64.ActiveCfg = Release|Any CPU
		{DB4E01B7-2D02-46F2-A3E2-228F326BA837}.AppStore|x64.Build.0 = Release|Any CPU
		{DB4E01B7-2D02-46F2-A3E2-228F326BA837}.AppStore|x86.ActiveCfg = Release|Any CPU
		{DB4E01B7-2D02-46F2-A3E2-228F326BA837}.AppStore|x86.Build.0 = Release|Any CPU
		{DB4E01B7-2D02-46F2-A3E2-228F326BA837}.Debug|Any CPU.ActiveCfg = Debug|Any CPU
		{DB4E01B7-2D02-46F2-A3E2-228F326BA837}.Debug|Any CPU.Build.0 = Debug|Any CPU
		{DB4E01B7-2D02-46F2-A3E2-228F326BA837}.Debug|ARM.ActiveCfg = Debug|Any CPU
		{DB4E01B7-2D02-46F2-A3E2-228F326BA837}.Debug|ARM.Build.0 = Debug|Any CPU
		{DB4E01B7-2D02-46F2-A3E2-228F326BA837}.Debug|iPhone.ActiveCfg = Debug|Any CPU
		{DB4E01B7-2D02-46F2-A3E2-228F326BA837}.Debug|iPhone.Build.0 = Debug|Any CPU
		{DB4E01B7-2D02-46F2-A3E2-228F326BA837}.Debug|iPhoneSimulator.ActiveCfg = Debug|Any CPU
		{DB4E01B7-2D02-46F2-A3E2-228F326BA837}.Debug|iPhoneSimulator.Build.0 = Debug|Any CPU
		{DB4E01B7-2D02-46F2-A3E2-228F326BA837}.Debug|x64.ActiveCfg = Debug|Any CPU
		{DB4E01B7-2D02-46F2-A3E2-228F326BA837}.Debug|x64.Build.0 = Debug|Any CPU
		{DB4E01B7-2D02-46F2-A3E2-228F326BA837}.Debug|x86.ActiveCfg = Debug|Any CPU
		{DB4E01B7-2D02-46F2-A3E2-228F326BA837}.Debug|x86.Build.0 = Debug|Any CPU
		{DB4E01B7-2D02-46F2-A3E2-228F326BA837}.Release|Any CPU.ActiveCfg = Release|Any CPU
		{DB4E01B7-2D02-46F2-A3E2-228F326BA837}.Release|Any CPU.Build.0 = Release|Any CPU
		{DB4E01B7-2D02-46F2-A3E2-228F326BA837}.Release|ARM.ActiveCfg = Release|Any CPU
		{DB4E01B7-2D02-46F2-A3E2-228F326BA837}.Release|ARM.Build.0 = Release|Any CPU
		{DB4E01B7-2D02-46F2-A3E2-228F326BA837}.Release|iPhone.ActiveCfg = Release|Any CPU
		{DB4E01B7-2D02-46F2-A3E2-228F326BA837}.Release|iPhone.Build.0 = Release|Any CPU
		{DB4E01B7-2D02-46F2-A3E2-228F326BA837}.Release|iPhoneSimulator.ActiveCfg = Release|Any CPU
		{DB4E01B7-2D02-46F2-A3E2-228F326BA837}.Release|iPhoneSimulator.Build.0 = Release|Any CPU
		{DB4E01B7-2D02-46F2-A3E2-228F326BA837}.Release|x64.ActiveCfg = Release|Any CPU
		{DB4E01B7-2D02-46F2-A3E2-228F326BA837}.Release|x64.Build.0 = Release|Any CPU
		{DB4E01B7-2D02-46F2-A3E2-228F326BA837}.Release|x86.ActiveCfg = Release|Any CPU
		{DB4E01B7-2D02-46F2-A3E2-228F326BA837}.Release|x86.Build.0 = Release|Any CPU
		{8FDF825E-097C-4045-AD87-AE2BA58E9C1E}.Ad-Hoc|Any CPU.ActiveCfg = Release|Any CPU
		{8FDF825E-097C-4045-AD87-AE2BA58E9C1E}.Ad-Hoc|Any CPU.Build.0 = Release|Any CPU
		{8FDF825E-097C-4045-AD87-AE2BA58E9C1E}.Ad-Hoc|Any CPU.Deploy.0 = Release|Any CPU
		{8FDF825E-097C-4045-AD87-AE2BA58E9C1E}.Ad-Hoc|ARM.ActiveCfg = Release|Any CPU
		{8FDF825E-097C-4045-AD87-AE2BA58E9C1E}.Ad-Hoc|ARM.Build.0 = Release|Any CPU
		{8FDF825E-097C-4045-AD87-AE2BA58E9C1E}.Ad-Hoc|ARM.Deploy.0 = Release|Any CPU
		{8FDF825E-097C-4045-AD87-AE2BA58E9C1E}.Ad-Hoc|iPhone.ActiveCfg = Release|Any CPU
		{8FDF825E-097C-4045-AD87-AE2BA58E9C1E}.Ad-Hoc|iPhone.Build.0 = Release|Any CPU
		{8FDF825E-097C-4045-AD87-AE2BA58E9C1E}.Ad-Hoc|iPhone.Deploy.0 = Release|Any CPU
		{8FDF825E-097C-4045-AD87-AE2BA58E9C1E}.Ad-Hoc|iPhoneSimulator.ActiveCfg = Release|Any CPU
		{8FDF825E-097C-4045-AD87-AE2BA58E9C1E}.Ad-Hoc|iPhoneSimulator.Build.0 = Release|Any CPU
		{8FDF825E-097C-4045-AD87-AE2BA58E9C1E}.Ad-Hoc|iPhoneSimulator.Deploy.0 = Release|Any CPU
		{8FDF825E-097C-4045-AD87-AE2BA58E9C1E}.Ad-Hoc|x64.ActiveCfg = Release|Any CPU
		{8FDF825E-097C-4045-AD87-AE2BA58E9C1E}.Ad-Hoc|x64.Build.0 = Release|Any CPU
		{8FDF825E-097C-4045-AD87-AE2BA58E9C1E}.Ad-Hoc|x64.Deploy.0 = Release|Any CPU
		{8FDF825E-097C-4045-AD87-AE2BA58E9C1E}.Ad-Hoc|x86.ActiveCfg = Release|Any CPU
		{8FDF825E-097C-4045-AD87-AE2BA58E9C1E}.Ad-Hoc|x86.Build.0 = Release|Any CPU
		{8FDF825E-097C-4045-AD87-AE2BA58E9C1E}.Ad-Hoc|x86.Deploy.0 = Release|Any CPU
		{8FDF825E-097C-4045-AD87-AE2BA58E9C1E}.AppStore|Any CPU.ActiveCfg = Release|Any CPU
		{8FDF825E-097C-4045-AD87-AE2BA58E9C1E}.AppStore|Any CPU.Build.0 = Release|Any CPU
		{8FDF825E-097C-4045-AD87-AE2BA58E9C1E}.AppStore|Any CPU.Deploy.0 = Release|Any CPU
		{8FDF825E-097C-4045-AD87-AE2BA58E9C1E}.AppStore|ARM.ActiveCfg = Release|Any CPU
		{8FDF825E-097C-4045-AD87-AE2BA58E9C1E}.AppStore|ARM.Build.0 = Release|Any CPU
		{8FDF825E-097C-4045-AD87-AE2BA58E9C1E}.AppStore|ARM.Deploy.0 = Release|Any CPU
		{8FDF825E-097C-4045-AD87-AE2BA58E9C1E}.AppStore|iPhone.ActiveCfg = Release|Any CPU
		{8FDF825E-097C-4045-AD87-AE2BA58E9C1E}.AppStore|iPhone.Build.0 = Release|Any CPU
		{8FDF825E-097C-4045-AD87-AE2BA58E9C1E}.AppStore|iPhone.Deploy.0 = Release|Any CPU
		{8FDF825E-097C-4045-AD87-AE2BA58E9C1E}.AppStore|iPhoneSimulator.ActiveCfg = Release|Any CPU
		{8FDF825E-097C-4045-AD87-AE2BA58E9C1E}.AppStore|iPhoneSimulator.Build.0 = Release|Any CPU
		{8FDF825E-097C-4045-AD87-AE2BA58E9C1E}.AppStore|iPhoneSimulator.Deploy.0 = Release|Any CPU
		{8FDF825E-097C-4045-AD87-AE2BA58E9C1E}.AppStore|x64.ActiveCfg = Release|Any CPU
		{8FDF825E-097C-4045-AD87-AE2BA58E9C1E}.AppStore|x64.Build.0 = Release|Any CPU
		{8FDF825E-097C-4045-AD87-AE2BA58E9C1E}.AppStore|x64.Deploy.0 = Release|Any CPU
		{8FDF825E-097C-4045-AD87-AE2BA58E9C1E}.AppStore|x86.ActiveCfg = Release|Any CPU
		{8FDF825E-097C-4045-AD87-AE2BA58E9C1E}.AppStore|x86.Build.0 = Release|Any CPU
		{8FDF825E-097C-4045-AD87-AE2BA58E9C1E}.AppStore|x86.Deploy.0 = Release|Any CPU
		{8FDF825E-097C-4045-AD87-AE2BA58E9C1E}.Debug|Any CPU.ActiveCfg = Debug|Any CPU
		{8FDF825E-097C-4045-AD87-AE2BA58E9C1E}.Debug|Any CPU.Build.0 = Debug|Any CPU
		{8FDF825E-097C-4045-AD87-AE2BA58E9C1E}.Debug|Any CPU.Deploy.0 = Debug|Any CPU
		{8FDF825E-097C-4045-AD87-AE2BA58E9C1E}.Debug|ARM.ActiveCfg = Debug|Any CPU
		{8FDF825E-097C-4045-AD87-AE2BA58E9C1E}.Debug|ARM.Build.0 = Debug|Any CPU
		{8FDF825E-097C-4045-AD87-AE2BA58E9C1E}.Debug|ARM.Deploy.0 = Debug|Any CPU
		{8FDF825E-097C-4045-AD87-AE2BA58E9C1E}.Debug|iPhone.ActiveCfg = Debug|Any CPU
		{8FDF825E-097C-4045-AD87-AE2BA58E9C1E}.Debug|iPhone.Build.0 = Debug|Any CPU
		{8FDF825E-097C-4045-AD87-AE2BA58E9C1E}.Debug|iPhone.Deploy.0 = Debug|Any CPU
		{8FDF825E-097C-4045-AD87-AE2BA58E9C1E}.Debug|iPhoneSimulator.ActiveCfg = Debug|Any CPU
		{8FDF825E-097C-4045-AD87-AE2BA58E9C1E}.Debug|iPhoneSimulator.Build.0 = Debug|Any CPU
		{8FDF825E-097C-4045-AD87-AE2BA58E9C1E}.Debug|iPhoneSimulator.Deploy.0 = Debug|Any CPU
		{8FDF825E-097C-4045-AD87-AE2BA58E9C1E}.Debug|x64.ActiveCfg = Debug|Any CPU
		{8FDF825E-097C-4045-AD87-AE2BA58E9C1E}.Debug|x64.Build.0 = Debug|Any CPU
		{8FDF825E-097C-4045-AD87-AE2BA58E9C1E}.Debug|x64.Deploy.0 = Debug|Any CPU
		{8FDF825E-097C-4045-AD87-AE2BA58E9C1E}.Debug|x86.ActiveCfg = Debug|Any CPU
		{8FDF825E-097C-4045-AD87-AE2BA58E9C1E}.Debug|x86.Build.0 = Debug|Any CPU
		{8FDF825E-097C-4045-AD87-AE2BA58E9C1E}.Debug|x86.Deploy.0 = Debug|Any CPU
		{8FDF825E-097C-4045-AD87-AE2BA58E9C1E}.Release|Any CPU.ActiveCfg = Release|Any CPU
		{8FDF825E-097C-4045-AD87-AE2BA58E9C1E}.Release|Any CPU.Build.0 = Release|Any CPU
		{8FDF825E-097C-4045-AD87-AE2BA58E9C1E}.Release|Any CPU.Deploy.0 = Release|Any CPU
		{8FDF825E-097C-4045-AD87-AE2BA58E9C1E}.Release|ARM.ActiveCfg = Release|Any CPU
		{8FDF825E-097C-4045-AD87-AE2BA58E9C1E}.Release|ARM.Build.0 = Release|Any CPU
		{8FDF825E-097C-4045-AD87-AE2BA58E9C1E}.Release|ARM.Deploy.0 = Release|Any CPU
		{8FDF825E-097C-4045-AD87-AE2BA58E9C1E}.Release|iPhone.ActiveCfg = Release|Any CPU
		{8FDF825E-097C-4045-AD87-AE2BA58E9C1E}.Release|iPhone.Build.0 = Release|Any CPU
		{8FDF825E-097C-4045-AD87-AE2BA58E9C1E}.Release|iPhone.Deploy.0 = Release|Any CPU
		{8FDF825E-097C-4045-AD87-AE2BA58E9C1E}.Release|iPhoneSimulator.ActiveCfg = Release|Any CPU
		{8FDF825E-097C-4045-AD87-AE2BA58E9C1E}.Release|iPhoneSimulator.Build.0 = Release|Any CPU
		{8FDF825E-097C-4045-AD87-AE2BA58E9C1E}.Release|iPhoneSimulator.Deploy.0 = Release|Any CPU
		{8FDF825E-097C-4045-AD87-AE2BA58E9C1E}.Release|x64.ActiveCfg = Release|Any CPU
		{8FDF825E-097C-4045-AD87-AE2BA58E9C1E}.Release|x64.Build.0 = Release|Any CPU
		{8FDF825E-097C-4045-AD87-AE2BA58E9C1E}.Release|x64.Deploy.0 = Release|Any CPU
		{8FDF825E-097C-4045-AD87-AE2BA58E9C1E}.Release|x86.ActiveCfg = Release|Any CPU
		{8FDF825E-097C-4045-AD87-AE2BA58E9C1E}.Release|x86.Build.0 = Release|Any CPU
		{8FDF825E-097C-4045-AD87-AE2BA58E9C1E}.Release|x86.Deploy.0 = Release|Any CPU
	EndGlobalSection
	GlobalSection(SolutionProperties) = preSolution
		HideSolutionNode = FALSE
	EndGlobalSection
EndGlobal
